// !$*UTF8*$!
{
	archiveVersion = 1;
	classes = {
	};
	objectVersion = 46;
	objects = {

/* Begin PBXBuildFile section */
		44C526991DE52D4F008475F2 /* Common.swift in Sources */ = {isa = PBXBuildFile; fileRef = 44C526981DE52D4F008475F2 /* Common.swift */; };
		4C04798A1DE22755009E47DF /* Borg.ttf in Resources */ = {isa = PBXBuildFile; fileRef = 4C0479891DE22755009E47DF /* Borg.ttf */; };
		4C04798F1DE22778009E47DF /* Mosk-Bold-700.ttf in Resources */ = {isa = PBXBuildFile; fileRef = 4C04798B1DE22778009E47DF /* Mosk-Bold-700.ttf */; };
		4C0479901DE22778009E47DF /* Mosk-Light-300.ttf in Resources */ = {isa = PBXBuildFile; fileRef = 4C04798C1DE22778009E47DF /* Mosk-Light-300.ttf */; };
		4C0479911DE22778009E47DF /* Mosk-Medium-500.ttf in Resources */ = {isa = PBXBuildFile; fileRef = 4C04798D1DE22778009E47DF /* Mosk-Medium-500.ttf */; };
		4C0479921DE22778009E47DF /* Mosk-Normal-400.ttf in Resources */ = {isa = PBXBuildFile; fileRef = 4C04798E1DE22778009E47DF /* Mosk-Normal-400.ttf */; };
		4C0479951DE22DFC009E47DF /* SignUpViewController.swift in Sources */ = {isa = PBXBuildFile; fileRef = 4C0479941DE22DFC009E47DF /* SignUpViewController.swift */; };
		4C0479981DE231D8009E47DF /* BaseTransition.swift in Sources */ = {isa = PBXBuildFile; fileRef = 4C0479961DE231D8009E47DF /* BaseTransition.swift */; };
		4C0479991DE231D8009E47DF /* FadeTransition.swift in Sources */ = {isa = PBXBuildFile; fileRef = 4C0479971DE231D8009E47DF /* FadeTransition.swift */; };
		4C04799C1DE4A652009E47DF /* Layout1ViewController.swift in Sources */ = {isa = PBXBuildFile; fileRef = 4C04799B1DE4A652009E47DF /* Layout1ViewController.swift */; };
		4C04799E1DE4A65D009E47DF /* Layout2ViewController.swift in Sources */ = {isa = PBXBuildFile; fileRef = 4C04799D1DE4A65D009E47DF /* Layout2ViewController.swift */; };
		4C162CAE1DECB61A00D7BF02 /* EditPortfolioViewController.swift in Sources */ = {isa = PBXBuildFile; fileRef = 4C162CAD1DECB61A00D7BF02 /* EditPortfolioViewController.swift */; };
		4C162CB01DED1BFD00D7BF02 /* Project.swift in Sources */ = {isa = PBXBuildFile; fileRef = 4C162CAF1DED1BFD00D7BF02 /* Project.swift */; };
		4C162CB31DED1C3400D7BF02 /* Company.swift in Sources */ = {isa = PBXBuildFile; fileRef = 4C162CB21DED1C3400D7BF02 /* Company.swift */; };
		4C162CB51DED1DB300D7BF02 /* Person.swift in Sources */ = {isa = PBXBuildFile; fileRef = 4C162CB41DED1DB300D7BF02 /* Person.swift */; };
		4C162CB71DED1E8D00D7BF02 /* Portfolio.swift in Sources */ = {isa = PBXBuildFile; fileRef = 4C162CB61DED1E8D00D7BF02 /* Portfolio.swift */; };
		4C4D13361DD430690023C9F2 /* AppDelegate.swift in Sources */ = {isa = PBXBuildFile; fileRef = 4C4D13351DD430690023C9F2 /* AppDelegate.swift */; };
		4C4D133B1DD430690023C9F2 /* Main.storyboard in Resources */ = {isa = PBXBuildFile; fileRef = 4C4D13391DD430690023C9F2 /* Main.storyboard */; };
		4C4D133D1DD430690023C9F2 /* Assets.xcassets in Resources */ = {isa = PBXBuildFile; fileRef = 4C4D133C1DD430690023C9F2 /* Assets.xcassets */; };
		4C4D13401DD430690023C9F2 /* LaunchScreen.storyboard in Resources */ = {isa = PBXBuildFile; fileRef = 4C4D133E1DD430690023C9F2 /* LaunchScreen.storyboard */; };
		4C4D134B1DD430690023C9F2 /* PortfolioTests.swift in Sources */ = {isa = PBXBuildFile; fileRef = 4C4D134A1DD430690023C9F2 /* PortfolioTests.swift */; };
		4C4D13561DD430690023C9F2 /* PortfolioUITests.swift in Sources */ = {isa = PBXBuildFile; fileRef = 4C4D13551DD430690023C9F2 /* PortfolioUITests.swift */; };
		4C4D13671DD432F80023C9F2 /* ProjectDetailViewController.swift in Sources */ = {isa = PBXBuildFile; fileRef = 4C4D13661DD432F80023C9F2 /* ProjectDetailViewController.swift */; };
		4C4D13691DD433600023C9F2 /* InfoViewController.swift in Sources */ = {isa = PBXBuildFile; fileRef = 4C4D13681DD433600023C9F2 /* InfoViewController.swift */; };
		4C981D851DF6799700FBFAC3 /* EditorTextField.swift in Sources */ = {isa = PBXBuildFile; fileRef = 4C981D841DF6799700FBFAC3 /* EditorTextField.swift */; };
		4C981D881DF67A6200FBFAC3 /* EditorTextView.swift in Sources */ = {isa = PBXBuildFile; fileRef = 4C981D871DF67A6200FBFAC3 /* EditorTextView.swift */; };
		4C981D901DF6C81600FBFAC3 /* UserData.swift in Sources */ = {isa = PBXBuildFile; fileRef = 4C981D8F1DF6C81600FBFAC3 /* UserData.swift */; };
		4CA1F82C1DEF0ACD00A984BC /* DetailsViewController.swift in Sources */ = {isa = PBXBuildFile; fileRef = 4CA1F82B1DEF0ACD00A984BC /* DetailsViewController.swift */; };
		4CA1F82E1DF4E79300A984BC /* Editor.storyboard in Resources */ = {isa = PBXBuildFile; fileRef = 4CA1F82D1DF4E79300A984BC /* Editor.storyboard */; };
		4CA1F8301DF5063700A984BC /* EditorTableViewCell.swift in Sources */ = {isa = PBXBuildFile; fileRef = 4CA1F82F1DF5063700A984BC /* EditorTableViewCell.swift */; };
		4CA1F8361DF53DA300A984BC /* ProjectsCollectionViewCell.swift in Sources */ = {isa = PBXBuildFile; fileRef = 4CA1F8351DF53DA300A984BC /* ProjectsCollectionViewCell.swift */; };
		4CBFB7261DED46C300F1B76F /* ImageZoomTransition.swift in Sources */ = {isa = PBXBuildFile; fileRef = 4CBFB7251DED46C300F1B76F /* ImageZoomTransition.swift */; };
		4CC260751DDEF65C00726930 /* Onboarding.storyboard in Resources */ = {isa = PBXBuildFile; fileRef = 4CC260741DDEF65C00726930 /* Onboarding.storyboard */; };
		4CC260771DDEF81A00726930 /* LoginViewController.swift in Sources */ = {isa = PBXBuildFile; fileRef = 4CC260761DDEF81A00726930 /* LoginViewController.swift */; };
		4CD8AED41DE58154001FA131 /* EmptyPortfolioHomeViewController.swift in Sources */ = {isa = PBXBuildFile; fileRef = 4CD8AED31DE58154001FA131 /* EmptyPortfolioHomeViewController.swift */; };
		4CD8AED61DE58160001FA131 /* PortfolioHomeViewController.swift in Sources */ = {isa = PBXBuildFile; fileRef = 4CD8AED51DE58160001FA131 /* PortfolioHomeViewController.swift */; };
		4CE171111DF9127B00E99985 /* PortfolioViewController.swift in Sources */ = {isa = PBXBuildFile; fileRef = 4CE171101DF9127B00E99985 /* PortfolioViewController.swift */; };
		861E0FB0C93A0AD811BDA083 /* Pods_IcebergUITests.framework in Frameworks */ = {isa = PBXBuildFile; fileRef = 74BD51C0FA226BC599CBA20C /* Pods_IcebergUITests.framework */; };
		B4B56B187F807CA0B43F1C69 /* Pods_Iceberg.framework in Frameworks */ = {isa = PBXBuildFile; fileRef = 9B91198FAE9969FED1D9CB0F /* Pods_Iceberg.framework */; };
		C930D88DCA50E49B0D7BEEF2 /* Pods_IcebergTests.framework in Frameworks */ = {isa = PBXBuildFile; fileRef = CA1991395F70913B3891DC34 /* Pods_IcebergTests.framework */; };
		CE03F5E11DF4D1080045FB92 /* iCarousel.m in Sources */ = {isa = PBXBuildFile; fileRef = CE03F5E01DF4D1080045FB92 /* iCarousel.m */; };
		CE0DD4441DEFB68600746BE9 /* LightBoxViewController.swift in Sources */ = {isa = PBXBuildFile; fileRef = CE0DD4431DEFB68600746BE9 /* LightBoxViewController.swift */; };
		CE147B121DF13B6800A20A9D /* FlexibleAspectImageView.swift in Sources */ = {isa = PBXBuildFile; fileRef = CE147B111DF13B6800A20A9D /* FlexibleAspectImageView.swift */; };
		CE147B141DF2A5FE00A20A9D /* OnBoardingViewController.swift in Sources */ = {isa = PBXBuildFile; fileRef = CE147B131DF2A5FE00A20A9D /* OnBoardingViewController.swift */; };
		CE15CC661DF515AE009A643D /* NewProjectDetailViewController.swift in Sources */ = {isa = PBXBuildFile; fileRef = CE15CC651DF515AE009A643D /* NewProjectDetailViewController.swift */; };
		CE15CC681DF515C8009A643D /* ProjectDetailCell.swift in Sources */ = {isa = PBXBuildFile; fileRef = CE15CC671DF515C7009A643D /* ProjectDetailCell.swift */; };
		CE15CC6A1DF515DB009A643D /* CarouselCell.swift in Sources */ = {isa = PBXBuildFile; fileRef = CE15CC691DF515DB009A643D /* CarouselCell.swift */; };
		CE15CC6C1DF6234A009A643D /* ProjectStepsViewController.swift in Sources */ = {isa = PBXBuildFile; fileRef = CE15CC6B1DF6234A009A643D /* ProjectStepsViewController.swift */; };
		CE2A11C71DE9653B00D9EFF4 /* ProjecsData.swift in Sources */ = {isa = PBXBuildFile; fileRef = CE2A11C61DE9653B00D9EFF4 /* ProjecsData.swift */; };
		CE2A11CD1DE97AFA00D9EFF4 /* ProjectsDataCell.swift in Sources */ = {isa = PBXBuildFile; fileRef = CE2A11CC1DE97AFA00D9EFF4 /* ProjectsDataCell.swift */; };
		CE2A11CF1DEA875500D9EFF4 /* SingleProject.swift in Sources */ = {isa = PBXBuildFile; fileRef = CE2A11CE1DEA875500D9EFF4 /* SingleProject.swift */; };
		CE2A11D51DECC9BF00D9EFF4 /* headerTableViewCell.swift in Sources */ = {isa = PBXBuildFile; fileRef = CE2A11D41DECC9BF00D9EFF4 /* headerTableViewCell.swift */; };
		CE7F4A7A1DEFCF52004B8AD8 /* LightBoxTransition.swift in Sources */ = {isa = PBXBuildFile; fileRef = CE7F4A791DEFCF52004B8AD8 /* LightBoxTransition.swift */; };
		CE7F4A7C1DEFD9D0004B8AD8 /* PortfolioTempViewController.swift in Sources */ = {isa = PBXBuildFile; fileRef = CE7F4A7B1DEFD9D0004B8AD8 /* PortfolioTempViewController.swift */; };
		CEE18FCF1DF2C65F006CBF7A /* OnBoardingStepsViewController.swift in Sources */ = {isa = PBXBuildFile; fileRef = CEE18FCE1DF2C65F006CBF7A /* OnBoardingStepsViewController.swift */; };
/* End PBXBuildFile section */

/* Begin PBXContainerItemProxy section */
		4C4D13471DD430690023C9F2 /* PBXContainerItemProxy */ = {
			isa = PBXContainerItemProxy;
			containerPortal = 4C4D132A1DD430690023C9F2 /* Project object */;
			proxyType = 1;
			remoteGlobalIDString = 4C4D13311DD430690023C9F2;
			remoteInfo = Portfolio;
		};
		4C4D13521DD430690023C9F2 /* PBXContainerItemProxy */ = {
			isa = PBXContainerItemProxy;
			containerPortal = 4C4D132A1DD430690023C9F2 /* Project object */;
			proxyType = 1;
			remoteGlobalIDString = 4C4D13311DD430690023C9F2;
			remoteInfo = Portfolio;
		};
/* End PBXContainerItemProxy section */

/* Begin PBXFileReference section */
		35C1290D55BD27D1D1667FFB /* Pods-IcebergUITests.debug.xcconfig */ = {isa = PBXFileReference; includeInIndex = 1; lastKnownFileType = text.xcconfig; name = "Pods-IcebergUITests.debug.xcconfig"; path = "Pods/Target Support Files/Pods-IcebergUITests/Pods-IcebergUITests.debug.xcconfig"; sourceTree = "<group>"; };
		44C526981DE52D4F008475F2 /* Common.swift */ = {isa = PBXFileReference; fileEncoding = 4; lastKnownFileType = sourcecode.swift; path = Common.swift; sourceTree = "<group>"; };
		4C0479891DE22755009E47DF /* Borg.ttf */ = {isa = PBXFileReference; lastKnownFileType = file; path = Borg.ttf; sourceTree = "<group>"; };
		4C04798B1DE22778009E47DF /* Mosk-Bold-700.ttf */ = {isa = PBXFileReference; lastKnownFileType = file; path = "Mosk-Bold-700.ttf"; sourceTree = "<group>"; };
		4C04798C1DE22778009E47DF /* Mosk-Light-300.ttf */ = {isa = PBXFileReference; lastKnownFileType = file; path = "Mosk-Light-300.ttf"; sourceTree = "<group>"; };
		4C04798D1DE22778009E47DF /* Mosk-Medium-500.ttf */ = {isa = PBXFileReference; lastKnownFileType = file; path = "Mosk-Medium-500.ttf"; sourceTree = "<group>"; };
		4C04798E1DE22778009E47DF /* Mosk-Normal-400.ttf */ = {isa = PBXFileReference; lastKnownFileType = file; path = "Mosk-Normal-400.ttf"; sourceTree = "<group>"; };
		4C0479941DE22DFC009E47DF /* SignUpViewController.swift */ = {isa = PBXFileReference; fileEncoding = 4; lastKnownFileType = sourcecode.swift; path = SignUpViewController.swift; sourceTree = "<group>"; };
		4C0479961DE231D8009E47DF /* BaseTransition.swift */ = {isa = PBXFileReference; fileEncoding = 4; lastKnownFileType = sourcecode.swift; path = BaseTransition.swift; sourceTree = "<group>"; };
		4C0479971DE231D8009E47DF /* FadeTransition.swift */ = {isa = PBXFileReference; fileEncoding = 4; lastKnownFileType = sourcecode.swift; path = FadeTransition.swift; sourceTree = "<group>"; };
		4C04799B1DE4A652009E47DF /* Layout1ViewController.swift */ = {isa = PBXFileReference; fileEncoding = 4; lastKnownFileType = sourcecode.swift; path = Layout1ViewController.swift; sourceTree = "<group>"; };
		4C04799D1DE4A65D009E47DF /* Layout2ViewController.swift */ = {isa = PBXFileReference; fileEncoding = 4; lastKnownFileType = sourcecode.swift; path = Layout2ViewController.swift; sourceTree = "<group>"; };
		4C162CAD1DECB61A00D7BF02 /* EditPortfolioViewController.swift */ = {isa = PBXFileReference; fileEncoding = 4; lastKnownFileType = sourcecode.swift; path = EditPortfolioViewController.swift; sourceTree = "<group>"; };
		4C162CAF1DED1BFD00D7BF02 /* Project.swift */ = {isa = PBXFileReference; fileEncoding = 4; lastKnownFileType = sourcecode.swift; path = Project.swift; sourceTree = "<group>"; };
		4C162CB21DED1C3400D7BF02 /* Company.swift */ = {isa = PBXFileReference; fileEncoding = 4; lastKnownFileType = sourcecode.swift; path = Company.swift; sourceTree = "<group>"; };
		4C162CB41DED1DB300D7BF02 /* Person.swift */ = {isa = PBXFileReference; fileEncoding = 4; lastKnownFileType = sourcecode.swift; path = Person.swift; sourceTree = "<group>"; };
		4C162CB61DED1E8D00D7BF02 /* Portfolio.swift */ = {isa = PBXFileReference; fileEncoding = 4; lastKnownFileType = sourcecode.swift; path = Portfolio.swift; sourceTree = "<group>"; };
		4C4D13321DD430690023C9F2 /* Iceberg.app */ = {isa = PBXFileReference; explicitFileType = wrapper.application; includeInIndex = 0; path = Iceberg.app; sourceTree = BUILT_PRODUCTS_DIR; };
		4C4D13351DD430690023C9F2 /* AppDelegate.swift */ = {isa = PBXFileReference; lastKnownFileType = sourcecode.swift; path = AppDelegate.swift; sourceTree = "<group>"; };
		4C4D133A1DD430690023C9F2 /* Base */ = {isa = PBXFileReference; lastKnownFileType = file.storyboard; name = Base; path = Base.lproj/Main.storyboard; sourceTree = "<group>"; };
		4C4D133C1DD430690023C9F2 /* Assets.xcassets */ = {isa = PBXFileReference; lastKnownFileType = folder.assetcatalog; path = Assets.xcassets; sourceTree = "<group>"; };
		4C4D133F1DD430690023C9F2 /* Base */ = {isa = PBXFileReference; lastKnownFileType = file.storyboard; name = Base; path = Base.lproj/LaunchScreen.storyboard; sourceTree = "<group>"; };
		4C4D13411DD430690023C9F2 /* Info.plist */ = {isa = PBXFileReference; lastKnownFileType = text.plist.xml; path = Info.plist; sourceTree = "<group>"; };
		4C4D13461DD430690023C9F2 /* IcebergTests.xctest */ = {isa = PBXFileReference; explicitFileType = wrapper.cfbundle; includeInIndex = 0; path = IcebergTests.xctest; sourceTree = BUILT_PRODUCTS_DIR; };
		4C4D134A1DD430690023C9F2 /* PortfolioTests.swift */ = {isa = PBXFileReference; lastKnownFileType = sourcecode.swift; path = PortfolioTests.swift; sourceTree = "<group>"; };
		4C4D134C1DD430690023C9F2 /* Info.plist */ = {isa = PBXFileReference; lastKnownFileType = text.plist.xml; path = Info.plist; sourceTree = "<group>"; };
		4C4D13511DD430690023C9F2 /* IcebergUITests.xctest */ = {isa = PBXFileReference; explicitFileType = wrapper.cfbundle; includeInIndex = 0; path = IcebergUITests.xctest; sourceTree = BUILT_PRODUCTS_DIR; };
		4C4D13551DD430690023C9F2 /* PortfolioUITests.swift */ = {isa = PBXFileReference; lastKnownFileType = sourcecode.swift; path = PortfolioUITests.swift; sourceTree = "<group>"; };
		4C4D13571DD430690023C9F2 /* Info.plist */ = {isa = PBXFileReference; lastKnownFileType = text.plist.xml; path = Info.plist; sourceTree = "<group>"; };
		4C4D13661DD432F80023C9F2 /* ProjectDetailViewController.swift */ = {isa = PBXFileReference; fileEncoding = 4; lastKnownFileType = sourcecode.swift; path = ProjectDetailViewController.swift; sourceTree = "<group>"; };
		4C4D13681DD433600023C9F2 /* InfoViewController.swift */ = {isa = PBXFileReference; fileEncoding = 4; lastKnownFileType = sourcecode.swift; path = InfoViewController.swift; sourceTree = "<group>"; };
		4C981D841DF6799700FBFAC3 /* EditorTextField.swift */ = {isa = PBXFileReference; fileEncoding = 4; lastKnownFileType = sourcecode.swift; path = EditorTextField.swift; sourceTree = "<group>"; };
		4C981D871DF67A6200FBFAC3 /* EditorTextView.swift */ = {isa = PBXFileReference; fileEncoding = 4; lastKnownFileType = sourcecode.swift; path = EditorTextView.swift; sourceTree = "<group>"; };
		4C981D8F1DF6C81600FBFAC3 /* UserData.swift */ = {isa = PBXFileReference; fileEncoding = 4; lastKnownFileType = sourcecode.swift; path = UserData.swift; sourceTree = "<group>"; };
		4CA1F82B1DEF0ACD00A984BC /* DetailsViewController.swift */ = {isa = PBXFileReference; fileEncoding = 4; lastKnownFileType = sourcecode.swift; path = DetailsViewController.swift; sourceTree = "<group>"; };
		4CA1F82D1DF4E79300A984BC /* Editor.storyboard */ = {isa = PBXFileReference; fileEncoding = 4; lastKnownFileType = file.storyboard; path = Editor.storyboard; sourceTree = "<group>"; };
		4CA1F82F1DF5063700A984BC /* EditorTableViewCell.swift */ = {isa = PBXFileReference; fileEncoding = 4; lastKnownFileType = sourcecode.swift; path = EditorTableViewCell.swift; sourceTree = "<group>"; };
		4CA1F8351DF53DA300A984BC /* ProjectsCollectionViewCell.swift */ = {isa = PBXFileReference; fileEncoding = 4; lastKnownFileType = sourcecode.swift; path = ProjectsCollectionViewCell.swift; sourceTree = "<group>"; };
		4CBFB7251DED46C300F1B76F /* ImageZoomTransition.swift */ = {isa = PBXFileReference; fileEncoding = 4; lastKnownFileType = sourcecode.swift; path = ImageZoomTransition.swift; sourceTree = "<group>"; };
		4CC260741DDEF65C00726930 /* Onboarding.storyboard */ = {isa = PBXFileReference; fileEncoding = 4; lastKnownFileType = file.storyboard; path = Onboarding.storyboard; sourceTree = "<group>"; };
		4CC260761DDEF81A00726930 /* LoginViewController.swift */ = {isa = PBXFileReference; fileEncoding = 4; lastKnownFileType = sourcecode.swift; path = LoginViewController.swift; sourceTree = "<group>"; };
		4CD8AED31DE58154001FA131 /* EmptyPortfolioHomeViewController.swift */ = {isa = PBXFileReference; fileEncoding = 4; lastKnownFileType = sourcecode.swift; path = EmptyPortfolioHomeViewController.swift; sourceTree = "<group>"; };
		4CD8AED51DE58160001FA131 /* PortfolioHomeViewController.swift */ = {isa = PBXFileReference; fileEncoding = 4; lastKnownFileType = sourcecode.swift; path = PortfolioHomeViewController.swift; sourceTree = "<group>"; };
		4CE171101DF9127B00E99985 /* PortfolioViewController.swift */ = {isa = PBXFileReference; fileEncoding = 4; lastKnownFileType = sourcecode.swift; path = PortfolioViewController.swift; sourceTree = "<group>"; };
		5DE4672E09FC255CA1C932F8 /* Pods-IcebergTests.debug.xcconfig */ = {isa = PBXFileReference; includeInIndex = 1; lastKnownFileType = text.xcconfig; name = "Pods-IcebergTests.debug.xcconfig"; path = "Pods/Target Support Files/Pods-IcebergTests/Pods-IcebergTests.debug.xcconfig"; sourceTree = "<group>"; };
		74BD51C0FA226BC599CBA20C /* Pods_IcebergUITests.framework */ = {isa = PBXFileReference; explicitFileType = wrapper.framework; includeInIndex = 0; path = Pods_IcebergUITests.framework; sourceTree = BUILT_PRODUCTS_DIR; };
		88A52097021B7C8316F08C06 /* Pods-IcebergUITests.release.xcconfig */ = {isa = PBXFileReference; includeInIndex = 1; lastKnownFileType = text.xcconfig; name = "Pods-IcebergUITests.release.xcconfig"; path = "Pods/Target Support Files/Pods-IcebergUITests/Pods-IcebergUITests.release.xcconfig"; sourceTree = "<group>"; };
		9B91198FAE9969FED1D9CB0F /* Pods_Iceberg.framework */ = {isa = PBXFileReference; explicitFileType = wrapper.framework; includeInIndex = 0; path = Pods_Iceberg.framework; sourceTree = BUILT_PRODUCTS_DIR; };
		AF5B520012001077D15B80B9 /* Pods-Iceberg.release.xcconfig */ = {isa = PBXFileReference; includeInIndex = 1; lastKnownFileType = text.xcconfig; name = "Pods-Iceberg.release.xcconfig"; path = "Pods/Target Support Files/Pods-Iceberg/Pods-Iceberg.release.xcconfig"; sourceTree = "<group>"; };
		C7D223E861A7E84470D95742 /* Pods-IcebergTests.release.xcconfig */ = {isa = PBXFileReference; includeInIndex = 1; lastKnownFileType = text.xcconfig; name = "Pods-IcebergTests.release.xcconfig"; path = "Pods/Target Support Files/Pods-IcebergTests/Pods-IcebergTests.release.xcconfig"; sourceTree = "<group>"; };
		CA1991395F70913B3891DC34 /* Pods_IcebergTests.framework */ = {isa = PBXFileReference; explicitFileType = wrapper.framework; includeInIndex = 0; path = Pods_IcebergTests.framework; sourceTree = BUILT_PRODUCTS_DIR; };
		CE03F5DE1DF4D1080045FB92 /* Iceberg-Bridging-Header.h */ = {isa = PBXFileReference; lastKnownFileType = sourcecode.c.h; path = "Iceberg-Bridging-Header.h"; sourceTree = "<group>"; };
		CE03F5DF1DF4D1080045FB92 /* iCarousel.h */ = {isa = PBXFileReference; fileEncoding = 4; lastKnownFileType = sourcecode.c.h; path = iCarousel.h; sourceTree = "<group>"; };
		CE03F5E01DF4D1080045FB92 /* iCarousel.m */ = {isa = PBXFileReference; fileEncoding = 4; lastKnownFileType = sourcecode.c.objc; path = iCarousel.m; sourceTree = "<group>"; };
		CE0DD4431DEFB68600746BE9 /* LightBoxViewController.swift */ = {isa = PBXFileReference; fileEncoding = 4; lastKnownFileType = sourcecode.swift; path = LightBoxViewController.swift; sourceTree = "<group>"; };
		CE147B111DF13B6800A20A9D /* FlexibleAspectImageView.swift */ = {isa = PBXFileReference; fileEncoding = 4; lastKnownFileType = sourcecode.swift; path = FlexibleAspectImageView.swift; sourceTree = "<group>"; };
		CE147B131DF2A5FE00A20A9D /* OnBoardingViewController.swift */ = {isa = PBXFileReference; fileEncoding = 4; lastKnownFileType = sourcecode.swift; path = OnBoardingViewController.swift; sourceTree = "<group>"; };
		CE15CC651DF515AE009A643D /* NewProjectDetailViewController.swift */ = {isa = PBXFileReference; fileEncoding = 4; lastKnownFileType = sourcecode.swift; path = NewProjectDetailViewController.swift; sourceTree = "<group>"; };
		CE15CC671DF515C7009A643D /* ProjectDetailCell.swift */ = {isa = PBXFileReference; fileEncoding = 4; lastKnownFileType = sourcecode.swift; path = ProjectDetailCell.swift; sourceTree = "<group>"; };
		CE15CC691DF515DB009A643D /* CarouselCell.swift */ = {isa = PBXFileReference; fileEncoding = 4; lastKnownFileType = sourcecode.swift; path = CarouselCell.swift; sourceTree = "<group>"; };
		CE15CC6B1DF6234A009A643D /* ProjectStepsViewController.swift */ = {isa = PBXFileReference; fileEncoding = 4; lastKnownFileType = sourcecode.swift; path = ProjectStepsViewController.swift; sourceTree = "<group>"; };
		CE2A11C61DE9653B00D9EFF4 /* ProjecsData.swift */ = {isa = PBXFileReference; fileEncoding = 4; lastKnownFileType = sourcecode.swift; path = ProjecsData.swift; sourceTree = "<group>"; };
		CE2A11CC1DE97AFA00D9EFF4 /* ProjectsDataCell.swift */ = {isa = PBXFileReference; fileEncoding = 4; lastKnownFileType = sourcecode.swift; path = ProjectsDataCell.swift; sourceTree = "<group>"; };
		CE2A11CE1DEA875500D9EFF4 /* SingleProject.swift */ = {isa = PBXFileReference; fileEncoding = 4; lastKnownFileType = sourcecode.swift; path = SingleProject.swift; sourceTree = "<group>"; };
		CE2A11D41DECC9BF00D9EFF4 /* headerTableViewCell.swift */ = {isa = PBXFileReference; fileEncoding = 4; lastKnownFileType = sourcecode.swift; path = headerTableViewCell.swift; sourceTree = "<group>"; };
		CE7F4A791DEFCF52004B8AD8 /* LightBoxTransition.swift */ = {isa = PBXFileReference; fileEncoding = 4; lastKnownFileType = sourcecode.swift; path = LightBoxTransition.swift; sourceTree = "<group>"; };
		CE7F4A7B1DEFD9D0004B8AD8 /* PortfolioTempViewController.swift */ = {isa = PBXFileReference; fileEncoding = 4; lastKnownFileType = sourcecode.swift; path = PortfolioTempViewController.swift; sourceTree = "<group>"; };
		CEE18FCE1DF2C65F006CBF7A /* OnBoardingStepsViewController.swift */ = {isa = PBXFileReference; fileEncoding = 4; lastKnownFileType = sourcecode.swift; path = OnBoardingStepsViewController.swift; sourceTree = "<group>"; };
		D706B931E10FB0317EE70FF4 /* Pods-Iceberg.debug.xcconfig */ = {isa = PBXFileReference; includeInIndex = 1; lastKnownFileType = text.xcconfig; name = "Pods-Iceberg.debug.xcconfig"; path = "Pods/Target Support Files/Pods-Iceberg/Pods-Iceberg.debug.xcconfig"; sourceTree = "<group>"; };
/* End PBXFileReference section */

/* Begin PBXFrameworksBuildPhase section */
		4C4D132F1DD430690023C9F2 /* Frameworks */ = {
			isa = PBXFrameworksBuildPhase;
			buildActionMask = 2147483647;
			files = (
				B4B56B187F807CA0B43F1C69 /* Pods_Iceberg.framework in Frameworks */,
			);
			runOnlyForDeploymentPostprocessing = 0;
		};
		4C4D13431DD430690023C9F2 /* Frameworks */ = {
			isa = PBXFrameworksBuildPhase;
			buildActionMask = 2147483647;
			files = (
				C930D88DCA50E49B0D7BEEF2 /* Pods_IcebergTests.framework in Frameworks */,
			);
			runOnlyForDeploymentPostprocessing = 0;
		};
		4C4D134E1DD430690023C9F2 /* Frameworks */ = {
			isa = PBXFrameworksBuildPhase;
			buildActionMask = 2147483647;
			files = (
				861E0FB0C93A0AD811BDA083 /* Pods_IcebergUITests.framework in Frameworks */,
			);
			runOnlyForDeploymentPostprocessing = 0;
		};
/* End PBXFrameworksBuildPhase section */

/* Begin PBXGroup section */
		2630EE542DE973A959D1BDD3 /* Pods */ = {
			isa = PBXGroup;
			children = (
				D706B931E10FB0317EE70FF4 /* Pods-Iceberg.debug.xcconfig */,
				AF5B520012001077D15B80B9 /* Pods-Iceberg.release.xcconfig */,
				5DE4672E09FC255CA1C932F8 /* Pods-IcebergTests.debug.xcconfig */,
				C7D223E861A7E84470D95742 /* Pods-IcebergTests.release.xcconfig */,
				35C1290D55BD27D1D1667FFB /* Pods-IcebergUITests.debug.xcconfig */,
				88A52097021B7C8316F08C06 /* Pods-IcebergUITests.release.xcconfig */,
			);
			name = Pods;
			sourceTree = "<group>";
		};
		4C0479931DE2277F009E47DF /* Fonts */ = {
			isa = PBXGroup;
			children = (
				4C04798B1DE22778009E47DF /* Mosk-Bold-700.ttf */,
				4C04798C1DE22778009E47DF /* Mosk-Light-300.ttf */,
				4C04798D1DE22778009E47DF /* Mosk-Medium-500.ttf */,
				4C04798E1DE22778009E47DF /* Mosk-Normal-400.ttf */,
				4C0479891DE22755009E47DF /* Borg.ttf */,
			);
			name = Fonts;
			sourceTree = "<group>";
		};
		4C04799A1DE231DD009E47DF /* Transitions */ = {
			isa = PBXGroup;
			children = (
				4C0479961DE231D8009E47DF /* BaseTransition.swift */,
				4CBFB7251DED46C300F1B76F /* ImageZoomTransition.swift */,
				4C0479971DE231D8009E47DF /* FadeTransition.swift */,
				CE7F4A791DEFCF52004B8AD8 /* LightBoxTransition.swift */,
			);
			name = Transitions;
			sourceTree = "<group>";
		};
		4C162CB11DED1C1100D7BF02 /* Models */ = {
			isa = PBXGroup;
			children = (
				4C162CAF1DED1BFD00D7BF02 /* Project.swift */,
				4C162CB21DED1C3400D7BF02 /* Company.swift */,
				4C162CB41DED1DB300D7BF02 /* Person.swift */,
				4C162CB61DED1E8D00D7BF02 /* Portfolio.swift */,
				4C981D8F1DF6C81600FBFAC3 /* UserData.swift */,
			);
			name = Models;
			sourceTree = "<group>";
		};
		4C4D13291DD430690023C9F2 = {
			isa = PBXGroup;
			children = (
				4C4D13341DD430690023C9F2 /* Portfolio */,
				4C4D13491DD430690023C9F2 /* PortfolioTests */,
				4C4D13541DD430690023C9F2 /* PortfolioUITests */,
				4C4D13331DD430690023C9F2 /* Products */,
				2630EE542DE973A959D1BDD3 /* Pods */,
				81F2F99988CD828AEEB9838E /* Frameworks */,
			);
			sourceTree = "<group>";
		};
		4C4D13331DD430690023C9F2 /* Products */ = {
			isa = PBXGroup;
			children = (
				4C4D13321DD430690023C9F2 /* Iceberg.app */,
				4C4D13461DD430690023C9F2 /* IcebergTests.xctest */,
				4C4D13511DD430690023C9F2 /* IcebergUITests.xctest */,
			);
			name = Products;
			sourceTree = "<group>";
		};
		4C4D13341DD430690023C9F2 /* Portfolio */ = {
			isa = PBXGroup;
			children = (
				4C4D13351DD430690023C9F2 /* AppDelegate.swift */,
				CE03F5DF1DF4D1080045FB92 /* iCarousel.h */,
				CE03F5E01DF4D1080045FB92 /* iCarousel.m */,
				4C4D133C1DD430690023C9F2 /* Assets.xcassets */,
				4C0479931DE2277F009E47DF /* Fonts */,
				4C04799A1DE231DD009E47DF /* Transitions */,
				4C4D13651DD432720023C9F2 /* ViewControllers */,
				4C4D13391DD430690023C9F2 /* Main.storyboard */,
				4C4D133E1DD430690023C9F2 /* LaunchScreen.storyboard */,
				4CC260741DDEF65C00726930 /* Onboarding.storyboard */,
				4C981D861DF67A4200FBFAC3 /* Editor */,
				4C4D13411DD430690023C9F2 /* Info.plist */,
				CE2A11C61DE9653B00D9EFF4 /* ProjecsData.swift */,
				CE2A11CE1DEA875500D9EFF4 /* SingleProject.swift */,
				CE2A11D41DECC9BF00D9EFF4 /* headerTableViewCell.swift */,
				CE147B111DF13B6800A20A9D /* FlexibleAspectImageView.swift */,
				44C526981DE52D4F008475F2 /* Common.swift */,
				4C162CB11DED1C1100D7BF02 /* Models */,
				CE03F5DE1DF4D1080045FB92 /* Iceberg-Bridging-Header.h */,
			);
			path = Portfolio;
			sourceTree = "<group>";
		};
		4C4D13491DD430690023C9F2 /* PortfolioTests */ = {
			isa = PBXGroup;
			children = (
				4C4D134A1DD430690023C9F2 /* PortfolioTests.swift */,
				4C4D134C1DD430690023C9F2 /* Info.plist */,
			);
			path = PortfolioTests;
			sourceTree = "<group>";
		};
		4C4D13541DD430690023C9F2 /* PortfolioUITests */ = {
			isa = PBXGroup;
			children = (
				4C4D13551DD430690023C9F2 /* PortfolioUITests.swift */,
				4C4D13571DD430690023C9F2 /* Info.plist */,
			);
			path = PortfolioUITests;
			sourceTree = "<group>";
		};
		4C4D13651DD432720023C9F2 /* ViewControllers */ = {
			isa = PBXGroup;
			children = (
				CE2A11CC1DE97AFA00D9EFF4 /* ProjectsDataCell.swift */,
				4C4D13661DD432F80023C9F2 /* ProjectDetailViewController.swift */,
				4C4D13681DD433600023C9F2 /* InfoViewController.swift */,
				4CC260761DDEF81A00726930 /* LoginViewController.swift */,
				4C0479941DE22DFC009E47DF /* SignUpViewController.swift */,
				CE0DD4431DEFB68600746BE9 /* LightBoxViewController.swift */,
				CE15CC651DF515AE009A643D /* NewProjectDetailViewController.swift */,
				CE15CC671DF515C7009A643D /* ProjectDetailCell.swift */,
				CE15CC6B1DF6234A009A643D /* ProjectStepsViewController.swift */,
				CE15CC691DF515DB009A643D /* CarouselCell.swift */,
				4C04799B1DE4A652009E47DF /* Layout1ViewController.swift */,
				CE147B131DF2A5FE00A20A9D /* OnBoardingViewController.swift */,
				4C04799D1DE4A65D009E47DF /* Layout2ViewController.swift */,
				CEE18FCE1DF2C65F006CBF7A /* OnBoardingStepsViewController.swift */,
				CE7F4A7B1DEFD9D0004B8AD8 /* PortfolioTempViewController.swift */,
				4CD8AED31DE58154001FA131 /* EmptyPortfolioHomeViewController.swift */,
				4CD8AED51DE58160001FA131 /* PortfolioHomeViewController.swift */,
				4CE171101DF9127B00E99985 /* PortfolioViewController.swift */,
				4CA1F82B1DEF0ACD00A984BC /* DetailsViewController.swift */,
			);
			name = ViewControllers;
			sourceTree = "<group>";
		};
		4C981D861DF67A4200FBFAC3 /* Editor */ = {
			isa = PBXGroup;
			children = (
				4CA1F82D1DF4E79300A984BC /* Editor.storyboard */,
				4C162CAD1DECB61A00D7BF02 /* EditPortfolioViewController.swift */,
				4CA1F82F1DF5063700A984BC /* EditorTableViewCell.swift */,
				4C981D841DF6799700FBFAC3 /* EditorTextField.swift */,
				4C981D871DF67A6200FBFAC3 /* EditorTextView.swift */,
				4CA1F8351DF53DA300A984BC /* ProjectsCollectionViewCell.swift */,
			);
			name = Editor;
			sourceTree = "<group>";
		};
		81F2F99988CD828AEEB9838E /* Frameworks */ = {
			isa = PBXGroup;
			children = (
				9B91198FAE9969FED1D9CB0F /* Pods_Iceberg.framework */,
				CA1991395F70913B3891DC34 /* Pods_IcebergTests.framework */,
				74BD51C0FA226BC599CBA20C /* Pods_IcebergUITests.framework */,
			);
			name = Frameworks;
			sourceTree = "<group>";
		};
/* End PBXGroup section */

/* Begin PBXNativeTarget section */
		4C4D13311DD430690023C9F2 /* Iceberg */ = {
			isa = PBXNativeTarget;
			buildConfigurationList = 4C4D135A1DD430690023C9F2 /* Build configuration list for PBXNativeTarget "Iceberg" */;
			buildPhases = (
				74075829910A288C069D7BEF /* [CP] Check Pods Manifest.lock */,
				4C4D132E1DD430690023C9F2 /* Sources */,
				4C4D132F1DD430690023C9F2 /* Frameworks */,
				4C4D13301DD430690023C9F2 /* Resources */,
				168D8D7BFD797119235DEF19 /* [CP] Embed Pods Frameworks */,
				E358267F7795B561D7624FE4 /* [CP] Copy Pods Resources */,
			);
			buildRules = (
			);
			dependencies = (
			);
			name = Iceberg;
			productName = Portfolio;
			productReference = 4C4D13321DD430690023C9F2 /* Iceberg.app */;
			productType = "com.apple.product-type.application";
		};
		4C4D13451DD430690023C9F2 /* IcebergTests */ = {
			isa = PBXNativeTarget;
			buildConfigurationList = 4C4D135D1DD430690023C9F2 /* Build configuration list for PBXNativeTarget "IcebergTests" */;
			buildPhases = (
				2B020B6C4B8AA67DD4724E7E /* [CP] Check Pods Manifest.lock */,
				4C4D13421DD430690023C9F2 /* Sources */,
				4C4D13431DD430690023C9F2 /* Frameworks */,
				4C4D13441DD430690023C9F2 /* Resources */,
				B662746AA761197094AD543C /* [CP] Embed Pods Frameworks */,
				10B83565E9C99A457C9D6BFD /* [CP] Copy Pods Resources */,
			);
			buildRules = (
			);
			dependencies = (
				4C4D13481DD430690023C9F2 /* PBXTargetDependency */,
			);
			name = IcebergTests;
			productName = PortfolioTests;
			productReference = 4C4D13461DD430690023C9F2 /* IcebergTests.xctest */;
			productType = "com.apple.product-type.bundle.unit-test";
		};
		4C4D13501DD430690023C9F2 /* IcebergUITests */ = {
			isa = PBXNativeTarget;
			buildConfigurationList = 4C4D13601DD430690023C9F2 /* Build configuration list for PBXNativeTarget "IcebergUITests" */;
			buildPhases = (
				64542335595472EE65ABADCF /* [CP] Check Pods Manifest.lock */,
				4C4D134D1DD430690023C9F2 /* Sources */,
				4C4D134E1DD430690023C9F2 /* Frameworks */,
				4C4D134F1DD430690023C9F2 /* Resources */,
				A75CAA79F36729139460AEE3 /* [CP] Copy Pods Resources */,
				56FFA0F46BF86E3702418A57 /* [CP] Embed Pods Frameworks */,
			);
			buildRules = (
			);
			dependencies = (
				4C4D13531DD430690023C9F2 /* PBXTargetDependency */,
			);
			name = IcebergUITests;
			productName = PortfolioUITests;
			productReference = 4C4D13511DD430690023C9F2 /* IcebergUITests.xctest */;
			productType = "com.apple.product-type.bundle.ui-testing";
		};
/* End PBXNativeTarget section */

/* Begin PBXProject section */
		4C4D132A1DD430690023C9F2 /* Project object */ = {
			isa = PBXProject;
			attributes = {
				LastSwiftUpdateCheck = 0810;
				LastUpgradeCheck = 0810;
				ORGANIZATIONNAME = "JMD Industries";
				TargetAttributes = {
					4C4D13311DD430690023C9F2 = {
						CreatedOnToolsVersion = 8.1;
						DevelopmentTeam = QLTD7VWVWY;
						LastSwiftMigration = 0810;
						ProvisioningStyle = Automatic;
					};
					4C4D13451DD430690023C9F2 = {
						CreatedOnToolsVersion = 8.1;
						ProvisioningStyle = Automatic;
						TestTargetID = 4C4D13311DD430690023C9F2;
					};
					4C4D13501DD430690023C9F2 = {
						CreatedOnToolsVersion = 8.1;
						ProvisioningStyle = Automatic;
						TestTargetID = 4C4D13311DD430690023C9F2;
					};
				};
			};
			buildConfigurationList = 4C4D132D1DD430690023C9F2 /* Build configuration list for PBXProject "Iceberg" */;
			compatibilityVersion = "Xcode 3.2";
			developmentRegion = English;
			hasScannedForEncodings = 0;
			knownRegions = (
				en,
				Base,
			);
			mainGroup = 4C4D13291DD430690023C9F2;
			productRefGroup = 4C4D13331DD430690023C9F2 /* Products */;
			projectDirPath = "";
			projectRoot = "";
			targets = (
				4C4D13311DD430690023C9F2 /* Iceberg */,
				4C4D13451DD430690023C9F2 /* IcebergTests */,
				4C4D13501DD430690023C9F2 /* IcebergUITests */,
			);
		};
/* End PBXProject section */

/* Begin PBXResourcesBuildPhase section */
		4C4D13301DD430690023C9F2 /* Resources */ = {
			isa = PBXResourcesBuildPhase;
			buildActionMask = 2147483647;
			files = (
				4C0479921DE22778009E47DF /* Mosk-Normal-400.ttf in Resources */,
				4CC260751DDEF65C00726930 /* Onboarding.storyboard in Resources */,
				4C04798A1DE22755009E47DF /* Borg.ttf in Resources */,
				4C4D13401DD430690023C9F2 /* LaunchScreen.storyboard in Resources */,
				4C04798F1DE22778009E47DF /* Mosk-Bold-700.ttf in Resources */,
				4C4D133D1DD430690023C9F2 /* Assets.xcassets in Resources */,
				4C4D133B1DD430690023C9F2 /* Main.storyboard in Resources */,
				4CA1F82E1DF4E79300A984BC /* Editor.storyboard in Resources */,
				4C0479901DE22778009E47DF /* Mosk-Light-300.ttf in Resources */,
				4C0479911DE22778009E47DF /* Mosk-Medium-500.ttf in Resources */,
			);
			runOnlyForDeploymentPostprocessing = 0;
		};
		4C4D13441DD430690023C9F2 /* Resources */ = {
			isa = PBXResourcesBuildPhase;
			buildActionMask = 2147483647;
			files = (
			);
			runOnlyForDeploymentPostprocessing = 0;
		};
		4C4D134F1DD430690023C9F2 /* Resources */ = {
			isa = PBXResourcesBuildPhase;
			buildActionMask = 2147483647;
			files = (
			);
			runOnlyForDeploymentPostprocessing = 0;
		};
/* End PBXResourcesBuildPhase section */

/* Begin PBXShellScriptBuildPhase section */
		10B83565E9C99A457C9D6BFD /* [CP] Copy Pods Resources */ = {
			isa = PBXShellScriptBuildPhase;
			buildActionMask = 2147483647;
			files = (
			);
			inputPaths = (
			);
			name = "[CP] Copy Pods Resources";
			outputPaths = (
			);
			runOnlyForDeploymentPostprocessing = 0;
			shellPath = /bin/sh;
			shellScript = "\"${SRCROOT}/Pods/Target Support Files/Pods-IcebergTests/Pods-IcebergTests-resources.sh\"\n";
			showEnvVarsInLog = 0;
		};
		168D8D7BFD797119235DEF19 /* [CP] Embed Pods Frameworks */ = {
			isa = PBXShellScriptBuildPhase;
			buildActionMask = 2147483647;
			files = (
			);
			inputPaths = (
			);
			name = "[CP] Embed Pods Frameworks";
			outputPaths = (
			);
			runOnlyForDeploymentPostprocessing = 0;
			shellPath = /bin/sh;
			shellScript = "\"${SRCROOT}/Pods/Target Support Files/Pods-Iceberg/Pods-Iceberg-frameworks.sh\"\n";
			showEnvVarsInLog = 0;
		};
		2B020B6C4B8AA67DD4724E7E /* [CP] Check Pods Manifest.lock */ = {
			isa = PBXShellScriptBuildPhase;
			buildActionMask = 2147483647;
			files = (
			);
			inputPaths = (
			);
			name = "[CP] Check Pods Manifest.lock";
			outputPaths = (
			);
			runOnlyForDeploymentPostprocessing = 0;
			shellPath = /bin/sh;
			shellScript = "diff \"${PODS_ROOT}/../Podfile.lock\" \"${PODS_ROOT}/Manifest.lock\" > /dev/null\nif [ $? != 0 ] ; then\n    # print error to STDERR\n    echo \"error: The sandbox is not in sync with the Podfile.lock. Run 'pod install' or update your CocoaPods installation.\" >&2\n    exit 1\nfi\n";
			showEnvVarsInLog = 0;
		};
		56FFA0F46BF86E3702418A57 /* [CP] Embed Pods Frameworks */ = {
			isa = PBXShellScriptBuildPhase;
			buildActionMask = 2147483647;
			files = (
			);
			inputPaths = (
			);
			name = "[CP] Embed Pods Frameworks";
			outputPaths = (
			);
			runOnlyForDeploymentPostprocessing = 0;
			shellPath = /bin/sh;
			shellScript = "\"${SRCROOT}/Pods/Target Support Files/Pods-IcebergUITests/Pods-IcebergUITests-frameworks.sh\"\n";
			showEnvVarsInLog = 0;
		};
		64542335595472EE65ABADCF /* [CP] Check Pods Manifest.lock */ = {
			isa = PBXShellScriptBuildPhase;
			buildActionMask = 2147483647;
			files = (
			);
			inputPaths = (
			);
			name = "[CP] Check Pods Manifest.lock";
			outputPaths = (
			);
			runOnlyForDeploymentPostprocessing = 0;
			shellPath = /bin/sh;
			shellScript = "diff \"${PODS_ROOT}/../Podfile.lock\" \"${PODS_ROOT}/Manifest.lock\" > /dev/null\nif [ $? != 0 ] ; then\n    # print error to STDERR\n    echo \"error: The sandbox is not in sync with the Podfile.lock. Run 'pod install' or update your CocoaPods installation.\" >&2\n    exit 1\nfi\n";
			showEnvVarsInLog = 0;
		};
		74075829910A288C069D7BEF /* [CP] Check Pods Manifest.lock */ = {
			isa = PBXShellScriptBuildPhase;
			buildActionMask = 2147483647;
			files = (
			);
			inputPaths = (
			);
			name = "[CP] Check Pods Manifest.lock";
			outputPaths = (
			);
			runOnlyForDeploymentPostprocessing = 0;
			shellPath = /bin/sh;
			shellScript = "diff \"${PODS_ROOT}/../Podfile.lock\" \"${PODS_ROOT}/Manifest.lock\" > /dev/null\nif [ $? != 0 ] ; then\n    # print error to STDERR\n    echo \"error: The sandbox is not in sync with the Podfile.lock. Run 'pod install' or update your CocoaPods installation.\" >&2\n    exit 1\nfi\n";
			showEnvVarsInLog = 0;
		};
		A75CAA79F36729139460AEE3 /* [CP] Copy Pods Resources */ = {
			isa = PBXShellScriptBuildPhase;
			buildActionMask = 2147483647;
			files = (
			);
			inputPaths = (
			);
			name = "[CP] Copy Pods Resources";
			outputPaths = (
			);
			runOnlyForDeploymentPostprocessing = 0;
			shellPath = /bin/sh;
			shellScript = "\"${SRCROOT}/Pods/Target Support Files/Pods-IcebergUITests/Pods-IcebergUITests-resources.sh\"\n";
			showEnvVarsInLog = 0;
		};
		B662746AA761197094AD543C /* [CP] Embed Pods Frameworks */ = {
			isa = PBXShellScriptBuildPhase;
			buildActionMask = 2147483647;
			files = (
			);
			inputPaths = (
			);
			name = "[CP] Embed Pods Frameworks";
			outputPaths = (
			);
			runOnlyForDeploymentPostprocessing = 0;
			shellPath = /bin/sh;
			shellScript = "\"${SRCROOT}/Pods/Target Support Files/Pods-IcebergTests/Pods-IcebergTests-frameworks.sh\"\n";
			showEnvVarsInLog = 0;
		};
		E358267F7795B561D7624FE4 /* [CP] Copy Pods Resources */ = {
			isa = PBXShellScriptBuildPhase;
			buildActionMask = 2147483647;
			files = (
			);
			inputPaths = (
			);
			name = "[CP] Copy Pods Resources";
			outputPaths = (
			);
			runOnlyForDeploymentPostprocessing = 0;
			shellPath = /bin/sh;
			shellScript = "\"${SRCROOT}/Pods/Target Support Files/Pods-Iceberg/Pods-Iceberg-resources.sh\"\n";
			showEnvVarsInLog = 0;
		};
/* End PBXShellScriptBuildPhase section */

/* Begin PBXSourcesBuildPhase section */
		4C4D132E1DD430690023C9F2 /* Sources */ = {
			isa = PBXSourcesBuildPhase;
			buildActionMask = 2147483647;
			files = (
				CE2A11D51DECC9BF00D9EFF4 /* headerTableViewCell.swift in Sources */,
				4C0479951DE22DFC009E47DF /* SignUpViewController.swift in Sources */,
				4CA1F8361DF53DA300A984BC /* ProjectsCollectionViewCell.swift in Sources */,
				CE2A11CD1DE97AFA00D9EFF4 /* ProjectsDataCell.swift in Sources */,
				4C4D13361DD430690023C9F2 /* AppDelegate.swift in Sources */,
				4C162CB71DED1E8D00D7BF02 /* Portfolio.swift in Sources */,
				4CA1F8301DF5063700A984BC /* EditorTableViewCell.swift in Sources */,
				CE15CC6A1DF515DB009A643D /* CarouselCell.swift in Sources */,
				CE15CC681DF515C8009A643D /* ProjectDetailCell.swift in Sources */,
				4CBFB7261DED46C300F1B76F /* ImageZoomTransition.swift in Sources */,
				4CD8AED41DE58154001FA131 /* EmptyPortfolioHomeViewController.swift in Sources */,
				CE2A11C71DE9653B00D9EFF4 /* ProjecsData.swift in Sources */,
				CE03F5E11DF4D1080045FB92 /* iCarousel.m in Sources */,
				4C0479991DE231D8009E47DF /* FadeTransition.swift in Sources */,
				CE147B141DF2A5FE00A20A9D /* OnBoardingViewController.swift in Sources */,
				4C4D13671DD432F80023C9F2 /* ProjectDetailViewController.swift in Sources */,
				CE2A11CF1DEA875500D9EFF4 /* SingleProject.swift in Sources */,
				CE15CC6C1DF6234A009A643D /* ProjectStepsViewController.swift in Sources */,
				CE0DD4441DEFB68600746BE9 /* LightBoxViewController.swift in Sources */,
				44C526991DE52D4F008475F2 /* Common.swift in Sources */,
				4C162CB51DED1DB300D7BF02 /* Person.swift in Sources */,
				4CE171111DF9127B00E99985 /* PortfolioViewController.swift in Sources */,
				4C0479981DE231D8009E47DF /* BaseTransition.swift in Sources */,
				CE7F4A7C1DEFD9D0004B8AD8 /* PortfolioTempViewController.swift in Sources */,
				CE15CC661DF515AE009A643D /* NewProjectDetailViewController.swift in Sources */,
				4C04799E1DE4A65D009E47DF /* Layout2ViewController.swift in Sources */,
				CE147B121DF13B6800A20A9D /* FlexibleAspectImageView.swift in Sources */,
				4CA1F82C1DEF0ACD00A984BC /* DetailsViewController.swift in Sources */,
				CE7F4A7A1DEFCF52004B8AD8 /* LightBoxTransition.swift in Sources */,
				4C981D901DF6C81600FBFAC3 /* UserData.swift in Sources */,
				4C981D851DF6799700FBFAC3 /* EditorTextField.swift in Sources */,
				4C4D13691DD433600023C9F2 /* InfoViewController.swift in Sources */,
				4C162CAE1DECB61A00D7BF02 /* EditPortfolioViewController.swift in Sources */,
				4CC260771DDEF81A00726930 /* LoginViewController.swift in Sources */,
				4C162CB31DED1C3400D7BF02 /* Company.swift in Sources */,
				CEE18FCF1DF2C65F006CBF7A /* OnBoardingStepsViewController.swift in Sources */,
				4C04799C1DE4A652009E47DF /* Layout1ViewController.swift in Sources */,
				4CD8AED61DE58160001FA131 /* PortfolioHomeViewController.swift in Sources */,
				4C981D881DF67A6200FBFAC3 /* EditorTextView.swift in Sources */,
				4C162CB01DED1BFD00D7BF02 /* Project.swift in Sources */,
			);
			runOnlyForDeploymentPostprocessing = 0;
		};
		4C4D13421DD430690023C9F2 /* Sources */ = {
			isa = PBXSourcesBuildPhase;
			buildActionMask = 2147483647;
			files = (
				4C4D134B1DD430690023C9F2 /* PortfolioTests.swift in Sources */,
			);
			runOnlyForDeploymentPostprocessing = 0;
		};
		4C4D134D1DD430690023C9F2 /* Sources */ = {
			isa = PBXSourcesBuildPhase;
			buildActionMask = 2147483647;
			files = (
				4C4D13561DD430690023C9F2 /* PortfolioUITests.swift in Sources */,
			);
			runOnlyForDeploymentPostprocessing = 0;
		};
/* End PBXSourcesBuildPhase section */

/* Begin PBXTargetDependency section */
		4C4D13481DD430690023C9F2 /* PBXTargetDependency */ = {
			isa = PBXTargetDependency;
			target = 4C4D13311DD430690023C9F2 /* Iceberg */;
			targetProxy = 4C4D13471DD430690023C9F2 /* PBXContainerItemProxy */;
		};
		4C4D13531DD430690023C9F2 /* PBXTargetDependency */ = {
			isa = PBXTargetDependency;
			target = 4C4D13311DD430690023C9F2 /* Iceberg */;
			targetProxy = 4C4D13521DD430690023C9F2 /* PBXContainerItemProxy */;
		};
/* End PBXTargetDependency section */

/* Begin PBXVariantGroup section */
		4C4D13391DD430690023C9F2 /* Main.storyboard */ = {
			isa = PBXVariantGroup;
			children = (
				4C4D133A1DD430690023C9F2 /* Base */,
			);
			name = Main.storyboard;
			sourceTree = "<group>";
		};
		4C4D133E1DD430690023C9F2 /* LaunchScreen.storyboard */ = {
			isa = PBXVariantGroup;
			children = (
				4C4D133F1DD430690023C9F2 /* Base */,
			);
			name = LaunchScreen.storyboard;
			sourceTree = "<group>";
		};
/* End PBXVariantGroup section */

/* Begin XCBuildConfiguration section */
		4C4D13581DD430690023C9F2 /* Debug */ = {
			isa = XCBuildConfiguration;
			buildSettings = {
				ALWAYS_SEARCH_USER_PATHS = NO;
				CLANG_ANALYZER_NONNULL = YES;
				CLANG_CXX_LANGUAGE_STANDARD = "gnu++0x";
				CLANG_CXX_LIBRARY = "libc++";
				CLANG_ENABLE_MODULES = YES;
				CLANG_ENABLE_OBJC_ARC = YES;
				CLANG_WARN_BOOL_CONVERSION = YES;
				CLANG_WARN_CONSTANT_CONVERSION = YES;
				CLANG_WARN_DIRECT_OBJC_ISA_USAGE = YES_ERROR;
				CLANG_WARN_DOCUMENTATION_COMMENTS = YES;
				CLANG_WARN_EMPTY_BODY = YES;
				CLANG_WARN_ENUM_CONVERSION = YES;
				CLANG_WARN_INFINITE_RECURSION = YES;
				CLANG_WARN_INT_CONVERSION = YES;
				CLANG_WARN_OBJC_ROOT_CLASS = YES_ERROR;
				CLANG_WARN_SUSPICIOUS_MOVE = YES;
				CLANG_WARN_SUSPICIOUS_MOVES = YES;
				CLANG_WARN_UNREACHABLE_CODE = YES;
				CLANG_WARN__DUPLICATE_METHOD_MATCH = YES;
				"CODE_SIGN_IDENTITY[sdk=iphoneos*]" = "iPhone Developer";
				COPY_PHASE_STRIP = NO;
				DEBUG_INFORMATION_FORMAT = dwarf;
				ENABLE_STRICT_OBJC_MSGSEND = YES;
				ENABLE_TESTABILITY = YES;
				GCC_C_LANGUAGE_STANDARD = gnu99;
				GCC_DYNAMIC_NO_PIC = NO;
				GCC_NO_COMMON_BLOCKS = YES;
				GCC_OPTIMIZATION_LEVEL = 0;
				GCC_PREPROCESSOR_DEFINITIONS = (
					"DEBUG=1",
					"$(inherited)",
				);
				GCC_WARN_64_TO_32_BIT_CONVERSION = YES;
				GCC_WARN_ABOUT_RETURN_TYPE = YES_ERROR;
				GCC_WARN_UNDECLARED_SELECTOR = YES;
				GCC_WARN_UNINITIALIZED_AUTOS = YES_AGGRESSIVE;
				GCC_WARN_UNUSED_FUNCTION = YES;
				GCC_WARN_UNUSED_VARIABLE = YES;
				IPHONEOS_DEPLOYMENT_TARGET = 10.1;
				MTL_ENABLE_DEBUG_INFO = YES;
				ONLY_ACTIVE_ARCH = YES;
				SDKROOT = iphoneos;
				SWIFT_ACTIVE_COMPILATION_CONDITIONS = DEBUG;
				SWIFT_OPTIMIZATION_LEVEL = "-Onone";
			};
			name = Debug;
		};
		4C4D13591DD430690023C9F2 /* Release */ = {
			isa = XCBuildConfiguration;
			buildSettings = {
				ALWAYS_SEARCH_USER_PATHS = NO;
				CLANG_ANALYZER_NONNULL = YES;
				CLANG_CXX_LANGUAGE_STANDARD = "gnu++0x";
				CLANG_CXX_LIBRARY = "libc++";
				CLANG_ENABLE_MODULES = YES;
				CLANG_ENABLE_OBJC_ARC = YES;
				CLANG_WARN_BOOL_CONVERSION = YES;
				CLANG_WARN_CONSTANT_CONVERSION = YES;
				CLANG_WARN_DIRECT_OBJC_ISA_USAGE = YES_ERROR;
				CLANG_WARN_DOCUMENTATION_COMMENTS = YES;
				CLANG_WARN_EMPTY_BODY = YES;
				CLANG_WARN_ENUM_CONVERSION = YES;
				CLANG_WARN_INFINITE_RECURSION = YES;
				CLANG_WARN_INT_CONVERSION = YES;
				CLANG_WARN_OBJC_ROOT_CLASS = YES_ERROR;
				CLANG_WARN_SUSPICIOUS_MOVE = YES;
				CLANG_WARN_SUSPICIOUS_MOVES = YES;
				CLANG_WARN_UNREACHABLE_CODE = YES;
				CLANG_WARN__DUPLICATE_METHOD_MATCH = YES;
				"CODE_SIGN_IDENTITY[sdk=iphoneos*]" = "iPhone Developer";
				COPY_PHASE_STRIP = NO;
				DEBUG_INFORMATION_FORMAT = "dwarf-with-dsym";
				ENABLE_NS_ASSERTIONS = NO;
				ENABLE_STRICT_OBJC_MSGSEND = YES;
				GCC_C_LANGUAGE_STANDARD = gnu99;
				GCC_NO_COMMON_BLOCKS = YES;
				GCC_WARN_64_TO_32_BIT_CONVERSION = YES;
				GCC_WARN_ABOUT_RETURN_TYPE = YES_ERROR;
				GCC_WARN_UNDECLARED_SELECTOR = YES;
				GCC_WARN_UNINITIALIZED_AUTOS = YES_AGGRESSIVE;
				GCC_WARN_UNUSED_FUNCTION = YES;
				GCC_WARN_UNUSED_VARIABLE = YES;
				IPHONEOS_DEPLOYMENT_TARGET = 10.1;
				MTL_ENABLE_DEBUG_INFO = NO;
				SDKROOT = iphoneos;
				SWIFT_OPTIMIZATION_LEVEL = "-Owholemodule";
				VALIDATE_PRODUCT = YES;
			};
			name = Release;
		};
		4C4D135B1DD430690023C9F2 /* Debug */ = {
			isa = XCBuildConfiguration;
			baseConfigurationReference = D706B931E10FB0317EE70FF4 /* Pods-Iceberg.debug.xcconfig */;
			buildSettings = {
				ASSETCATALOG_COMPILER_APPICON_NAME = AppIcon;
				CLANG_ENABLE_MODULES = YES;
				CODE_SIGN_IDENTITY = "iPhone Developer";
				"CODE_SIGN_IDENTITY[sdk=iphoneos*]" = "iPhone Developer";
				DEVELOPMENT_TEAM = "";
				INFOPLIST_FILE = Portfolio/Info.plist;
				LD_RUNPATH_SEARCH_PATHS = "$(inherited) @executable_path/Frameworks";
				PRODUCT_BUNDLE_IDENTIFIER = "com.jmd-industries.Iceberg";
				PRODUCT_NAME = "$(TARGET_NAME)";
				SWIFT_OBJC_BRIDGING_HEADER = "Portfolio/Iceberg-Bridging-Header.h";
				SWIFT_OPTIMIZATION_LEVEL = "-Onone";
				SWIFT_VERSION = 3.0;
			};
			name = Debug;
		};
		4C4D135C1DD430690023C9F2 /* Release */ = {
			isa = XCBuildConfiguration;
			baseConfigurationReference = AF5B520012001077D15B80B9 /* Pods-Iceberg.release.xcconfig */;
			buildSettings = {
				ASSETCATALOG_COMPILER_APPICON_NAME = AppIcon;
				"CODE_SIGN_IDENTITY[sdk=iphoneos*]" = "iPhone Developer";
				DEVELOPMENT_TEAM = "";
				INFOPLIST_FILE = Portfolio/Info.plist;
				LD_RUNPATH_SEARCH_PATHS = "$(inherited) @executable_path/Frameworks";
				PRODUCT_BUNDLE_IDENTIFIER = "com.jmd-industries.Iceberg";
				PRODUCT_NAME = "$(TARGET_NAME)";
				SWIFT_OBJC_BRIDGING_HEADER = "Portfolio/Iceberg-Bridging-Header.h";
				SWIFT_VERSION = 3.0;
			};
			name = Release;
		};
		4C4D135E1DD430690023C9F2 /* Debug */ = {
			isa = XCBuildConfiguration;
			baseConfigurationReference = 5DE4672E09FC255CA1C932F8 /* Pods-IcebergTests.debug.xcconfig */;
			buildSettings = {
				ALWAYS_EMBED_SWIFT_STANDARD_LIBRARIES = NO;
				BUNDLE_LOADER = "$(TEST_HOST)";
				INFOPLIST_FILE = PortfolioTests/Info.plist;
				LD_RUNPATH_SEARCH_PATHS = "$(inherited) @executable_path/Frameworks @loader_path/Frameworks";
				PRODUCT_BUNDLE_IDENTIFIER = "com.jmd-industries.PortfolioTests";
				PRODUCT_NAME = "$(TARGET_NAME)";
				SWIFT_VERSION = 3.0;
				TEST_HOST = "$(BUILT_PRODUCTS_DIR)/Iceberg.app/Iceberg";
			};
			name = Debug;
		};
		4C4D135F1DD430690023C9F2 /* Release */ = {
			isa = XCBuildConfiguration;
			baseConfigurationReference = C7D223E861A7E84470D95742 /* Pods-IcebergTests.release.xcconfig */;
			buildSettings = {
				ALWAYS_EMBED_SWIFT_STANDARD_LIBRARIES = NO;
				BUNDLE_LOADER = "$(TEST_HOST)";
				INFOPLIST_FILE = PortfolioTests/Info.plist;
				LD_RUNPATH_SEARCH_PATHS = "$(inherited) @executable_path/Frameworks @loader_path/Frameworks";
				PRODUCT_BUNDLE_IDENTIFIER = "com.jmd-industries.PortfolioTests";
				PRODUCT_NAME = "$(TARGET_NAME)";
				SWIFT_VERSION = 3.0;
				TEST_HOST = "$(BUILT_PRODUCTS_DIR)/Iceberg.app/Iceberg";
			};
			name = Release;
		};
		4C4D13611DD430690023C9F2 /* Debug */ = {
			isa = XCBuildConfiguration;
			baseConfigurationReference = 35C1290D55BD27D1D1667FFB /* Pods-IcebergUITests.debug.xcconfig */;
			buildSettings = {
				ALWAYS_EMBED_SWIFT_STANDARD_LIBRARIES = NO;
				INFOPLIST_FILE = PortfolioUITests/Info.plist;
				LD_RUNPATH_SEARCH_PATHS = "$(inherited) @executable_path/Frameworks @loader_path/Frameworks";
				PRODUCT_BUNDLE_IDENTIFIER = "com.jmd-industries.PortfolioUITests";
				PRODUCT_NAME = "$(TARGET_NAME)";
				SWIFT_VERSION = 3.0;
				TEST_TARGET_NAME = Portfolio;
			};
			name = Debug;
		};
		4C4D13621DD430690023C9F2 /* Release */ = {
			isa = XCBuildConfiguration;
			baseConfigurationReference = 88A52097021B7C8316F08C06 /* Pods-IcebergUITests.release.xcconfig */;
			buildSettings = {
				ALWAYS_EMBED_SWIFT_STANDARD_LIBRARIES = NO;
				INFOPLIST_FILE = PortfolioUITests/Info.plist;
				LD_RUNPATH_SEARCH_PATHS = "$(inherited) @executable_path/Frameworks @loader_path/Frameworks";
				PRODUCT_BUNDLE_IDENTIFIER = "com.jmd-industries.PortfolioUITests";
				PRODUCT_NAME = "$(TARGET_NAME)";
				SWIFT_VERSION = 3.0;
				TEST_TARGET_NAME = Portfolio;
			};
			name = Release;
		};
/* End XCBuildConfiguration section */

/* Begin XCConfigurationList section */
		4C4D132D1DD430690023C9F2 /* Build configuration list for PBXProject "Iceberg" */ = {
			isa = XCConfigurationList;
			buildConfigurations = (
				4C4D13581DD430690023C9F2 /* Debug */,
				4C4D13591DD430690023C9F2 /* Release */,
			);
			defaultConfigurationIsVisible = 0;
			defaultConfigurationName = Release;
		};
		4C4D135A1DD430690023C9F2 /* Build configuration list for PBXNativeTarget "Iceberg" */ = {
			isa = XCConfigurationList;
			buildConfigurations = (
				4C4D135B1DD430690023C9F2 /* Debug */,
				4C4D135C1DD430690023C9F2 /* Release */,
			);
			defaultConfigurationIsVisible = 0;
			defaultConfigurationName = Release;
		};
		4C4D135D1DD430690023C9F2 /* Build configuration list for PBXNativeTarget "IcebergTests" */ = {
			isa = XCConfigurationList;
			buildConfigurations = (
				4C4D135E1DD430690023C9F2 /* Debug */,
				4C4D135F1DD430690023C9F2 /* Release */,
			);
			defaultConfigurationIsVisible = 0;
			defaultConfigurationName = Release;
		};
		4C4D13601DD430690023C9F2 /* Build configuration list for PBXNativeTarget "IcebergUITests" */ = {
			isa = XCConfigurationList;
			buildConfigurations = (
				4C4D13611DD430690023C9F2 /* Debug */,
				4C4D13621DD430690023C9F2 /* Release */,
			);
			defaultConfigurationIsVisible = 0;
			defaultConfigurationName = Release;
		};
/* End XCConfigurationList section */
	};
	rootObject = 4C4D132A1DD430690023C9F2 /* Project object */;
}
